// !$*UTF8*$!
{
	archiveVersion = 1;
	classes = {
	};
	objectVersion = 50;
	objects = {

/* Begin PBXBuildFile section */
		5715B68F21D5A9E600D5202C /* AppDelegate.swift in Sources */ = {isa = PBXBuildFile; fileRef = 5715B68E21D5A9E600D5202C /* AppDelegate.swift */; };
		5715B69121D5A9E600D5202C /* ViewController.swift in Sources */ = {isa = PBXBuildFile; fileRef = 5715B69021D5A9E600D5202C /* ViewController.swift */; };
		5715B69421D5A9E600D5202C /* Main.storyboard in Resources */ = {isa = PBXBuildFile; fileRef = 5715B69221D5A9E600D5202C /* Main.storyboard */; };
		5715B69621D5A9E700D5202C /* Assets.xcassets in Resources */ = {isa = PBXBuildFile; fileRef = 5715B69521D5A9E700D5202C /* Assets.xcassets */; };
		5715B69921D5A9E700D5202C /* LaunchScreen.storyboard in Resources */ = {isa = PBXBuildFile; fileRef = 5715B69721D5A9E700D5202C /* LaunchScreen.storyboard */; };
		5715B6A421D5A9E700D5202C /* OnBoardingExampleTests.swift in Sources */ = {isa = PBXBuildFile; fileRef = 5715B6A321D5A9E700D5202C /* OnBoardingExampleTests.swift */; };
		5715B6AF21D5A9E700D5202C /* OnBoardingExampleUITests.swift in Sources */ = {isa = PBXBuildFile; fileRef = 5715B6AE21D5A9E700D5202C /* OnBoardingExampleUITests.swift */; };
		5715B6BD21D5AC7400D5202C /* Slide.swift in Sources */ = {isa = PBXBuildFile; fileRef = 5715B6BC21D5AC7400D5202C /* Slide.swift */; };
		5715B6BF21D5AC9E00D5202C /* Slide.xib in Resources */ = {isa = PBXBuildFile; fileRef = 5715B6BE21D5AC9E00D5202C /* Slide.xib */; };
/* End PBXBuildFile section */

/* Begin PBXContainerItemProxy section */
		5715B6A021D5A9E700D5202C /* PBXContainerItemProxy */ = {
			isa = PBXContainerItemProxy;
			containerPortal = 5715B68321D5A9E600D5202C /* Project object */;
			proxyType = 1;
			remoteGlobalIDString = 5715B68A21D5A9E600D5202C;
			remoteInfo = OnBoardingExample;
		};
		5715B6AB21D5A9E700D5202C /* PBXContainerItemProxy */ = {
			isa = PBXContainerItemProxy;
			containerPortal = 5715B68321D5A9E600D5202C /* Project object */;
			proxyType = 1;
			remoteGlobalIDString = 5715B68A21D5A9E600D5202C;
			remoteInfo = OnBoardingExample;
		};
/* End PBXContainerItemProxy section */

/* Begin PBXFileReference section */
		5715B68B21D5A9E600D5202C /* OnBoardingExample.app */ = {isa = PBXFileReference; explicitFileType = wrapper.application; includeInIndex = 0; path = OnBoardingExample.app; sourceTree = BUILT_PRODUCTS_DIR; };
		5715B68E21D5A9E600D5202C /* AppDelegate.swift */ = {isa = PBXFileReference; lastKnownFileType = sourcecode.swift; path = AppDelegate.swift; sourceTree = "<group>"; };
		5715B69021D5A9E600D5202C /* ViewController.swift */ = {isa = PBXFileReference; lastKnownFileType = sourcecode.swift; path = ViewController.swift; sourceTree = "<group>"; };
		5715B69321D5A9E600D5202C /* Base */ = {isa = PBXFileReference; lastKnownFileType = file.storyboard; name = Base; path = Base.lproj/Main.storyboard; sourceTree = "<group>"; };
		5715B69521D5A9E700D5202C /* Assets.xcassets */ = {isa = PBXFileReference; lastKnownFileType = folder.assetcatalog; path = Assets.xcassets; sourceTree = "<group>"; };
		5715B69821D5A9E700D5202C /* Base */ = {isa = PBXFileReference; lastKnownFileType = file.storyboard; name = Base; path = Base.lproj/LaunchScreen.storyboard; sourceTree = "<group>"; };
		5715B69A21D5A9E700D5202C /* Info.plist */ = {isa = PBXFileReference; lastKnownFileType = text.plist.xml; path = Info.plist; sourceTree = "<group>"; };
		5715B69F21D5A9E700D5202C /* OnBoardingExampleTests.xctest */ = {isa = PBXFileReference; explicitFileType = wrapper.cfbundle; includeInIndex = 0; path = OnBoardingExampleTests.xctest; sourceTree = BUILT_PRODUCTS_DIR; };
		5715B6A321D5A9E700D5202C /* OnBoardingExampleTests.swift */ = {isa = PBXFileReference; lastKnownFileType = sourcecode.swift; path = OnBoardingExampleTests.swift; sourceTree = "<group>"; };
		5715B6A521D5A9E700D5202C /* Info.plist */ = {isa = PBXFileReference; lastKnownFileType = text.plist.xml; path = Info.plist; sourceTree = "<group>"; };
		5715B6AA21D5A9E700D5202C /* OnBoardingExampleUITests.xctest */ = {isa = PBXFileReference; explicitFileType = wrapper.cfbundle; includeInIndex = 0; path = OnBoardingExampleUITests.xctest; sourceTree = BUILT_PRODUCTS_DIR; };
		5715B6AE21D5A9E700D5202C /* OnBoardingExampleUITests.swift */ = {isa = PBXFileReference; lastKnownFileType = sourcecode.swift; path = OnBoardingExampleUITests.swift; sourceTree = "<group>"; };
		5715B6B021D5A9E700D5202C /* Info.plist */ = {isa = PBXFileReference; lastKnownFileType = text.plist.xml; path = Info.plist; sourceTree = "<group>"; };
		5715B6BC21D5AC7400D5202C /* Slide.swift */ = {isa = PBXFileReference; lastKnownFileType = sourcecode.swift; path = Slide.swift; sourceTree = "<group>"; };
		5715B6BE21D5AC9E00D5202C /* Slide.xib */ = {isa = PBXFileReference; lastKnownFileType = file.xib; path = Slide.xib; sourceTree = "<group>"; };
/* End PBXFileReference section */

/* Begin PBXFrameworksBuildPhase section */
		5715B68821D5A9E600D5202C /* Frameworks */ = {
			isa = PBXFrameworksBuildPhase;
			buildActionMask = 2147483647;
			files = (
			);
			runOnlyForDeploymentPostprocessing = 0;
		};
		5715B69C21D5A9E700D5202C /* Frameworks */ = {
			isa = PBXFrameworksBuildPhase;
			buildActionMask = 2147483647;
			files = (
			);
			runOnlyForDeploymentPostprocessing = 0;
		};
		5715B6A721D5A9E700D5202C /* Frameworks */ = {
			isa = PBXFrameworksBuildPhase;
			buildActionMask = 2147483647;
			files = (
			);
			runOnlyForDeploymentPostprocessing = 0;
		};
/* End PBXFrameworksBuildPhase section */

/* Begin PBXGroup section */
		5715B68221D5A9E600D5202C = {
			isa = PBXGroup;
			children = (
				5715B68D21D5A9E600D5202C /* OnBoardingExample */,
				5715B6A221D5A9E700D5202C /* OnBoardingExampleTests */,
				5715B6AD21D5A9E700D5202C /* OnBoardingExampleUITests */,
				5715B68C21D5A9E600D5202C /* Products */,
			);
			sourceTree = "<group>";
		};
		5715B68C21D5A9E600D5202C /* Products */ = {
			isa = PBXGroup;
			children = (
				5715B68B21D5A9E600D5202C /* OnBoardingExample.app */,
				5715B69F21D5A9E700D5202C /* OnBoardingExampleTests.xctest */,
				5715B6AA21D5A9E700D5202C /* OnBoardingExampleUITests.xctest */,
			);
			name = Products;
			sourceTree = "<group>";
		};
		5715B68D21D5A9E600D5202C /* OnBoardingExample */ = {
			isa = PBXGroup;
			children = (
				5715B68E21D5A9E600D5202C /* AppDelegate.swift */,
				5715B69021D5A9E600D5202C /* ViewController.swift */,
				5715B6BC21D5AC7400D5202C /* Slide.swift */,
				5715B6BE21D5AC9E00D5202C /* Slide.xib */,
				5715B69221D5A9E600D5202C /* Main.storyboard */,
				5715B69521D5A9E700D5202C /* Assets.xcassets */,
				5715B69721D5A9E700D5202C /* LaunchScreen.storyboard */,
				5715B69A21D5A9E700D5202C /* Info.plist */,
			);
			path = OnBoardingExample;
			sourceTree = "<group>";
		};
		5715B6A221D5A9E700D5202C /* OnBoardingExampleTests */ = {
			isa = PBXGroup;
			children = (
				5715B6A321D5A9E700D5202C /* OnBoardingExampleTests.swift */,
				5715B6A521D5A9E700D5202C /* Info.plist */,
			);
			path = OnBoardingExampleTests;
			sourceTree = "<group>";
		};
		5715B6AD21D5A9E700D5202C /* OnBoardingExampleUITests */ = {
			isa = PBXGroup;
			children = (
				5715B6AE21D5A9E700D5202C /* OnBoardingExampleUITests.swift */,
				5715B6B021D5A9E700D5202C /* Info.plist */,
			);
			path = OnBoardingExampleUITests;
			sourceTree = "<group>";
		};
/* End PBXGroup section */

/* Begin PBXNativeTarget section */
		5715B68A21D5A9E600D5202C /* OnBoardingExample */ = {
			isa = PBXNativeTarget;
			buildConfigurationList = 5715B6B321D5A9E700D5202C /* Build configuration list for PBXNativeTarget "OnBoardingExample" */;
			buildPhases = (
				5715B68721D5A9E600D5202C /* Sources */,
				5715B68821D5A9E600D5202C /* Frameworks */,
				5715B68921D5A9E600D5202C /* Resources */,
			);
			buildRules = (
			);
			dependencies = (
			);
			name = OnBoardingExample;
			productName = OnBoardingExample;
			productReference = 5715B68B21D5A9E600D5202C /* OnBoardingExample.app */;
			productType = "com.apple.product-type.application";
		};
		5715B69E21D5A9E700D5202C /* OnBoardingExampleTests */ = {
			isa = PBXNativeTarget;
			buildConfigurationList = 5715B6B621D5A9E700D5202C /* Build configuration list for PBXNativeTarget "OnBoardingExampleTests" */;
			buildPhases = (
				5715B69B21D5A9E700D5202C /* Sources */,
				5715B69C21D5A9E700D5202C /* Frameworks */,
				5715B69D21D5A9E700D5202C /* Resources */,
			);
			buildRules = (
			);
			dependencies = (
				5715B6A121D5A9E700D5202C /* PBXTargetDependency */,
			);
			name = OnBoardingExampleTests;
			productName = OnBoardingExampleTests;
			productReference = 5715B69F21D5A9E700D5202C /* OnBoardingExampleTests.xctest */;
			productType = "com.apple.product-type.bundle.unit-test";
		};
		5715B6A921D5A9E700D5202C /* OnBoardingExampleUITests */ = {
			isa = PBXNativeTarget;
			buildConfigurationList = 5715B6B921D5A9E700D5202C /* Build configuration list for PBXNativeTarget "OnBoardingExampleUITests" */;
			buildPhases = (
				5715B6A621D5A9E700D5202C /* Sources */,
				5715B6A721D5A9E700D5202C /* Frameworks */,
				5715B6A821D5A9E700D5202C /* Resources */,
			);
			buildRules = (
			);
			dependencies = (
				5715B6AC21D5A9E700D5202C /* PBXTargetDependency */,
			);
			name = OnBoardingExampleUITests;
			productName = OnBoardingExampleUITests;
			productReference = 5715B6AA21D5A9E700D5202C /* OnBoardingExampleUITests.xctest */;
			productType = "com.apple.product-type.bundle.ui-testing";
		};
/* End PBXNativeTarget section */

/* Begin PBXProject section */
		5715B68321D5A9E600D5202C /* Project object */ = {
			isa = PBXProject;
			attributes = {
				LastSwiftUpdateCheck = 1000;
				LastUpgradeCheck = 1000;
				ORGANIZATIONNAME = "Duc Anh";
				TargetAttributes = {
					5715B68A21D5A9E600D5202C = {
						CreatedOnToolsVersion = 10.0;
					};
					5715B69E21D5A9E700D5202C = {
						CreatedOnToolsVersion = 10.0;
						TestTargetID = 5715B68A21D5A9E600D5202C;
					};
					5715B6A921D5A9E700D5202C = {
						CreatedOnToolsVersion = 10.0;
						TestTargetID = 5715B68A21D5A9E600D5202C;
					};
				};
			};
			buildConfigurationList = 5715B68621D5A9E600D5202C /* Build configuration list for PBXProject "OnBoardingExample" */;
			compatibilityVersion = "Xcode 9.3";
			developmentRegion = en;
			hasScannedForEncodings = 0;
			knownRegions = (
				en,
				Base,
			);
			mainGroup = 5715B68221D5A9E600D5202C;
			productRefGroup = 5715B68C21D5A9E600D5202C /* Products */;
			projectDirPath = "";
			projectRoot = "";
			targets = (
				5715B68A21D5A9E600D5202C /* OnBoardingExample */,
				5715B69E21D5A9E700D5202C /* OnBoardingExampleTests */,
				5715B6A921D5A9E700D5202C /* OnBoardingExampleUITests */,
			);
		};
/* End PBXProject section */

/* Begin PBXResourcesBuildPhase section */
		5715B68921D5A9E600D5202C /* Resources */ = {
			isa = PBXResourcesBuildPhase;
			buildActionMask = 2147483647;
			files = (
				5715B69921D5A9E700D5202C /* LaunchScreen.storyboard in Resources */,
				5715B69621D5A9E700D5202C /* Assets.xcassets in Resources */,
				5715B69421D5A9E600D5202C /* Main.storyboard in Resources */,
				5715B6BF21D5AC9E00D5202C /* Slide.xib in Resources */,
			);
			runOnlyForDeploymentPostprocessing = 0;
		};
		5715B69D21D5A9E700D5202C /* Resources */ = {
			isa = PBXResourcesBuildPhase;
			buildActionMask = 2147483647;
			files = (
			);
			runOnlyForDeploymentPostprocessing = 0;
		};
		5715B6A821D5A9E700D5202C /* Resources */ = {
			isa = PBXResourcesBuildPhase;
			buildActionMask = 2147483647;
			files = (
			);
			runOnlyForDeploymentPostprocessing = 0;
		};
/* End PBXResourcesBuildPhase section */

/* Begin PBXSourcesBuildPhase section */
		5715B68721D5A9E600D5202C /* Sources */ = {
			isa = PBXSourcesBuildPhase;
			buildActionMask = 2147483647;
			files = (
				5715B6BD21D5AC7400D5202C /* Slide.swift in Sources */,
				5715B69121D5A9E600D5202C /* ViewController.swift in Sources */,
				5715B68F21D5A9E600D5202C /* AppDelegate.swift in Sources */,
			);
			runOnlyForDeploymentPostprocessing = 0;
		};
		5715B69B21D5A9E700D5202C /* Sources */ = {
			isa = PBXSourcesBuildPhase;
			buildActionMask = 2147483647;
			files = (
				5715B6A421D5A9E700D5202C /* OnBoardingExampleTests.swift in Sources */,
			);
			runOnlyForDeploymentPostprocessing = 0;
		};
		5715B6A621D5A9E700D5202C /* Sources */ = {
			isa = PBXSourcesBuildPhase;
			buildActionMask = 2147483647;
			files = (
				5715B6AF21D5A9E700D5202C /* OnBoardingExampleUITests.swift in Sources */,
			);
			runOnlyForDeploymentPostprocessing = 0;
		};
/* End PBXSourcesBuildPhase section */

/* Begin PBXTargetDependency section */
		5715B6A121D5A9E700D5202C /* PBXTargetDependency */ = {
			isa = PBXTargetDependency;
			target = 5715B68A21D5A9E600D5202C /* OnBoardingExample */;
			targetProxy = 5715B6A021D5A9E700D5202C /* PBXContainerItemProxy */;
		};
		5715B6AC21D5A9E700D5202C /* PBXTargetDependency */ = {
			isa = PBXTargetDependency;
			target = 5715B68A21D5A9E600D5202C /* OnBoardingExample */;
			targetProxy = 5715B6AB21D5A9E700D5202C /* PBXContainerItemProxy */;
		};
/* End PBXTargetDependency section */

/* Begin PBXVariantGroup section */
		5715B69221D5A9E600D5202C /* Main.storyboard */ = {
			isa = PBXVariantGroup;
			children = (
				5715B69321D5A9E600D5202C /* Base */,
			);
			name = Main.storyboard;
			sourceTree = "<group>";
		};
		5715B69721D5A9E700D5202C /* LaunchScreen.storyboard */ = {
			isa = PBXVariantGroup;
			children = (
				5715B69821D5A9E700D5202C /* Base */,
			);
			name = LaunchScreen.storyboard;
			sourceTree = "<group>";
		};
/* End PBXVariantGroup section */

/* Begin XCBuildConfiguration section */
		5715B6B121D5A9E700D5202C /* Debug */ = {
			isa = XCBuildConfiguration;
			buildSettings = {
				ALWAYS_SEARCH_USER_PATHS = NO;
				CLANG_ANALYZER_NONNULL = YES;
				CLANG_ANALYZER_NUMBER_OBJECT_CONVERSION = YES_AGGRESSIVE;
				CLANG_CXX_LANGUAGE_STANDARD = "gnu++14";
				CLANG_CXX_LIBRARY = "libc++";
				CLANG_ENABLE_MODULES = YES;
				CLANG_ENABLE_OBJC_ARC = YES;
				CLANG_ENABLE_OBJC_WEAK = YES;
				CLANG_WARN_BLOCK_CAPTURE_AUTORELEASING = YES;
				CLANG_WARN_BOOL_CONVERSION = YES;
				CLANG_WARN_COMMA = YES;
				CLANG_WARN_CONSTANT_CONVERSION = YES;
				CLANG_WARN_DEPRECATED_OBJC_IMPLEMENTATIONS = YES;
				CLANG_WARN_DIRECT_OBJC_ISA_USAGE = YES_ERROR;
				CLANG_WARN_DOCUMENTATION_COMMENTS = YES;
				CLANG_WARN_EMPTY_BODY = YES;
				CLANG_WARN_ENUM_CONVERSION = YES;
				CLANG_WARN_INFINITE_RECURSION = YES;
				CLANG_WARN_INT_CONVERSION = YES;
				CLANG_WARN_NON_LITERAL_NULL_CONVERSION = YES;
				CLANG_WARN_OBJC_IMPLICIT_RETAIN_SELF = YES;
				CLANG_WARN_OBJC_LITERAL_CONVERSION = YES;
				CLANG_WARN_OBJC_ROOT_CLASS = YES_ERROR;
				CLANG_WARN_RANGE_LOOP_ANALYSIS = YES;
				CLANG_WARN_STRICT_PROTOTYPES = YES;
				CLANG_WARN_SUSPICIOUS_MOVE = YES;
				CLANG_WARN_UNGUARDED_AVAILABILITY = YES_AGGRESSIVE;
				CLANG_WARN_UNREACHABLE_CODE = YES;
				CLANG_WARN__DUPLICATE_METHOD_MATCH = YES;
				CODE_SIGN_IDENTITY = "iPhone Developer";
				COPY_PHASE_STRIP = NO;
				DEBUG_INFORMATION_FORMAT = dwarf;
				ENABLE_STRICT_OBJC_MSGSEND = YES;
				ENABLE_TESTABILITY = YES;
				GCC_C_LANGUAGE_STANDARD = gnu11;
				GCC_DYNAMIC_NO_PIC = NO;
				GCC_NO_COMMON_BLOCKS = YES;
				GCC_OPTIMIZATION_LEVEL = 0;
				GCC_PREPROCESSOR_DEFINITIONS = (
					"DEBUG=1",
					"$(inherited)",
				);
				GCC_WARN_64_TO_32_BIT_CONVERSION = YES;
				GCC_WARN_ABOUT_RETURN_TYPE = YES_ERROR;
				GCC_WARN_UNDECLARED_SELECTOR = YES;
				GCC_WARN_UNINITIALIZED_AUTOS = YES_AGGRESSIVE;
				GCC_WARN_UNUSED_FUNCTION = YES;
				GCC_WARN_UNUSED_VARIABLE = YES;
				IPHONEOS_DEPLOYMENT_TARGET = 12.0;
				MTL_ENABLE_DEBUG_INFO = INCLUDE_SOURCE;
				MTL_FAST_MATH = YES;
				ONLY_ACTIVE_ARCH = YES;
				SDKROOT = iphoneos;
				SWIFT_ACTIVE_COMPILATION_CONDITIONS = DEBUG;
				SWIFT_OPTIMIZATION_LEVEL = "-Onone";
			};
			name = Debug;
		};
		5715B6B221D5A9E700D5202C /* Release */ = {
			isa = XCBuildConfiguration;
			buildSettings = {
				ALWAYS_SEARCH_USER_PATHS = NO;
				CLANG_ANALYZER_NONNULL = YES;
				CLANG_ANALYZER_NUMBER_OBJECT_CONVERSION = YES_AGGRESSIVE;
				CLANG_CXX_LANGUAGE_STANDARD = "gnu++14";
				CLANG_CXX_LIBRARY = "libc++";
				CLANG_ENABLE_MODULES = YES;
				CLANG_ENABLE_OBJC_ARC = YES;
				CLANG_ENABLE_OBJC_WEAK = YES;
				CLANG_WARN_BLOCK_CAPTURE_AUTORELEASING = YES;
				CLANG_WARN_BOOL_CONVERSION = YES;
				CLANG_WARN_COMMA = YES;
				CLANG_WARN_CONSTANT_CONVERSION = YES;
				CLANG_WARN_DEPRECATED_OBJC_IMPLEMENTATIONS = YES;
				CLANG_WARN_DIRECT_OBJC_ISA_USAGE = YES_ERROR;
				CLANG_WARN_DOCUMENTATION_COMMENTS = YES;
				CLANG_WARN_EMPTY_BODY = YES;
				CLANG_WARN_ENUM_CONVERSION = YES;
				CLANG_WARN_INFINITE_RECURSION = YES;
				CLANG_WARN_INT_CONVERSION = YES;
				CLANG_WARN_NON_LITERAL_NULL_CONVERSION = YES;
				CLANG_WARN_OBJC_IMPLICIT_RETAIN_SELF = YES;
				CLANG_WARN_OBJC_LITERAL_CONVERSION = YES;
				CLANG_WARN_OBJC_ROOT_CLASS = YES_ERROR;
				CLANG_WARN_RANGE_LOOP_ANALYSIS = YES;
				CLANG_WARN_STRICT_PROTOTYPES = YES;
				CLANG_WARN_SUSPICIOUS_MOVE = YES;
				CLANG_WARN_UNGUARDED_AVAILABILITY = YES_AGGRESSIVE;
				CLANG_WARN_UNREACHABLE_CODE = YES;
				CLANG_WARN__DUPLICATE_METHOD_MATCH = YES;
				CODE_SIGN_IDENTITY = "iPhone Developer";
				COPY_PHASE_STRIP = NO;
				DEBUG_INFORMATION_FORMAT = "dwarf-with-dsym";
				ENABLE_NS_ASSERTIONS = NO;
				ENABLE_STRICT_OBJC_MSGSEND = YES;
				GCC_C_LANGUAGE_STANDARD = gnu11;
				GCC_NO_COMMON_BLOCKS = YES;
				GCC_WARN_64_TO_32_BIT_CONVERSION = YES;
				GCC_WARN_ABOUT_RETURN_TYPE = YES_ERROR;
				GCC_WARN_UNDECLARED_SELECTOR = YES;
				GCC_WARN_UNINITIALIZED_AUTOS = YES_AGGRESSIVE;
				GCC_WARN_UNUSED_FUNCTION = YES;
				GCC_WARN_UNUSED_VARIABLE = YES;
				IPHONEOS_DEPLOYMENT_TARGET = 12.0;
				MTL_ENABLE_DEBUG_INFO = NO;
				MTL_FAST_MATH = YES;
				SDKROOT = iphoneos;
				SWIFT_COMPILATION_MODE = wholemodule;
				SWIFT_OPTIMIZATION_LEVEL = "-O";
				VALIDATE_PRODUCT = YES;
			};
			name = Release;
		};
		5715B6B421D5A9E700D5202C /* Debug */ = {
			isa = XCBuildConfiguration;
			buildSettings = {
				ASSETCATALOG_COMPILER_APPICON_NAME = AppIcon;
				CODE_SIGN_STYLE = Automatic;
				INFOPLIST_FILE = OnBoardingExample/Info.plist;
				LD_RUNPATH_SEARCH_PATHS = (
					"$(inherited)",
					"@executable_path/Frameworks",
				);
				PRODUCT_BUNDLE_IDENTIFIER = com.OnBoardingExample;
				PRODUCT_NAME = "$(TARGET_NAME)";
				SWIFT_VERSION = 4.2;
				TARGETED_DEVICE_FAMILY = "1,2";
			};
			name = Debug;
		};
		5715B6B521D5A9E700D5202C /* Release */ = {
			isa = XCBuildConfiguration;
			buildSettings = {
				ASSETCATALOG_COMPILER_APPICON_NAME = AppIcon;
				CODE_SIGN_STYLE = Automatic;
				INFOPLIST_FILE = OnBoardingExample/Info.plist;
				LD_RUNPATH_SEARCH_PATHS = (
					"$(inherited)",
					"@executable_path/Frameworks",
				);
				PRODUCT_BUNDLE_IDENTIFIER = com.OnBoardingExample;
				PRODUCT_NAME = "$(TARGET_NAME)";
				SWIFT_VERSION = 4.2;
				TARGETED_DEVICE_FAMILY = "1,2";
			};
			name = Release;
		};
		5715B6B721D5A9E700D5202C /* Debug */ = {
			isa = XCBuildConfiguration;
			buildSettings = {
				ALWAYS_EMBED_SWIFT_STANDARD_LIBRARIES = YES;
				BUNDLE_LOADER = "$(TEST_HOST)";
				CODE_SIGN_STYLE = Automatic;
				INFOPLIST_FILE = OnBoardingExampleTests/Info.plist;
				LD_RUNPATH_SEARCH_PATHS = (
					"$(inherited)",
					"@executable_path/Frameworks",
					"@loader_path/Frameworks",
				);
				PRODUCT_BUNDLE_IDENTIFIER = com.OnBoardingExampleTests;
				PRODUCT_NAME = "$(TARGET_NAME)";
				SWIFT_VERSION = 4.2;
				TARGETED_DEVICE_FAMILY = "1,2";
				TEST_HOST = "$(BUILT_PRODUCTS_DIR)/OnBoardingExample.app/OnBoardingExample";
			};
			name = Debug;
		};
		5715B6B821D5A9E700D5202C /* Release */ = {
			isa = XCBuildConfiguration;
			buildSettings = {
				ALWAYS_EMBED_SWIFT_STANDARD_LIBRARIES = YES;
				BUNDLE_LOADER = "$(TEST_HOST)";
				CODE_SIGN_STYLE = Automatic;
				INFOPLIST_FILE = OnBoardingExampleTests/Info.plist;
				LD_RUNPATH_SEARCH_PATHS = (
					"$(inherited)",
					"@executable_path/Frameworks",
					"@loader_path/Frameworks",
				);
				PRODUCT_BUNDLE_IDENTIFIER = com.OnBoardingExampleTests;
				PRODUCT_NAME = "$(TARGET_NAME)";
				SWIFT_VERSION = 4.2;
				TARGETED_DEVICE_FAMILY = "1,2";
				TEST_HOST = "$(BUILT_PRODUCTS_DIR)/OnBoardingExample.app/OnBoardingExample";
			};
			name = Release;
		};
		5715B6BA21D5A9E700D5202C /* Debug */ = {
			isa = XCBuildConfiguration;
			buildSettings = {
				ALWAYS_EMBED_SWIFT_STANDARD_LIBRARIES = YES;
				CODE_SIGN_STYLE = Automatic;
				INFOPLIST_FILE = OnBoardingExampleUITests/Info.plist;
				LD_RUNPATH_SEARCH_PATHS = (
					"$(inherited)",
					"@executable_path/Frameworks",
					"@loader_path/Frameworks",
				);
				PRODUCT_BUNDLE_IDENTIFIER = com.OnBoardingExampleUITests;
				PRODUCT_NAME = "$(TARGET_NAME)";
				SWIFT_VERSION = 4.2;
				TARGETED_DEVICE_FAMILY = "1,2";
				TEST_TARGET_NAME = OnBoardingExample;
			};
			name = Debug;
		};
		5715B6BB21D5A9E700D5202C /* Release */ = {
			isa = XCBuildConfiguration;
			buildSettings = {
				ALWAYS_EMBED_SWIFT_STANDARD_LIBRARIES = YES;
				CODE_SIGN_STYLE = Automatic;
				INFOPLIST_FILE = OnBoardingExampleUITests/Info.plist;
				LD_RUNPATH_SEARCH_PATHS = (
					"$(inherited)",
					"@executable_path/Frameworks",
					"@loader_path/Frameworks",
				);
				PRODUCT_BUNDLE_IDENTIFIER = com.OnBoardingExampleUITests;
				PRODUCT_NAME = "$(TARGET_NAME)";
				SWIFT_VERSION = 4.2;
				TARGETED_DEVICE_FAMILY = "1,2";
				TEST_TARGET_NAME = OnBoardingExample;
			};
			name = Release;
		};
/* End XCBuildConfiguration section */

/* Begin XCConfigurationList section */
		5715B68621D5A9E600D5202C /* Build configuration list for PBXProject "OnBoardingExample" */ = {
			isa = XCConfigurationList;
			buildConfigurations = (
				5715B6B121D5A9E700D5202C /* Debug */,
				5715B6B221D5A9E700D5202C /* Release */,
			);
			defaultConfigurationIsVisible = 0;
			defaultConfigurationName = Release;
		};
		5715B6B321D5A9E700D5202C /* Build configuration list for PBXNativeTarget "OnBoardingExample" */ = {
			isa = XCConfigurationList;
			buildConfigurations = (
				5715B6B421D5A9E700D5202C /* Debug */,
				5715B6B521D5A9E700D5202C /* Release */,
			);
			defaultConfigurationIsVisible = 0;
			defaultConfigurationName = Release;
		};
		5715B6B621D5A9E700D5202C /* Build configuration list for PBXNativeTarget "OnBoardingExampleTests" */ = {
			isa = XCConfigurationList;
			buildConfigurations = (
				5715B6B721D5A9E700D5202C /* Debug */,
				5715B6B821D5A9E700D5202C /* Release */,
			);
			defaultConfigurationIsVisible = 0;
			defaultConfigurationName = Release;
		};
		5715B6B921D5A9E700D5202C /* Build configuration list for PBXNativeTarget "OnBoardingExampleUITests" */ = {
			isa = XCConfigurationList;
			buildConfigurations = (
				5715B6BA21D5A9E700D5202C /* Debug */,
				5715B6BB21D5A9E700D5202C /* Release */,
			);
			defaultConfigurationIsVisible = 0;
			defaultConfigurationName = Release;
		};
/* End XCConfigurationList section */
	};
	rootObject = 5715B68321D5A9E600D5202C /* Project object */;
}
